
Microsoft Visual Studio Solution File, Format Version 12.00
# Visual Studio 15
VisualStudioVersion = 15.0.26228.4
MinimumVisualStudioVersion = 10.0.40219.1
Project("{FAE04EC0-301F-11D3-BF4B-00C04F79EFBC}") = "H4K.Core", "H4K\H4K.Core.csproj", "{AC222EE7-61EF-4964-B06C-BB09D2FE0317}"
EndProject
Project("{FAE04EC0-301F-11D3-BF4B-00C04F79EFBC}") = "H4K.Test", "H4K.Test\H4K.Test.csproj", "{87B2D1F6-283F-42B8-83E1-52846605C444}"
EndProject
Project("{FAE04EC0-301F-11D3-BF4B-00C04F79EFBC}") = "H4K.Web", "H4K.Web\H4K.Web.csproj", "{16442389-4305-41E6-8AEA-B1293BC77949}"
EndProject
Project("{FAE04EC0-301F-11D3-BF4B-00C04F79EFBC}") = "H4K.Boilerplate", "H4K.Boilerplate\H4K.Boilerplate.csproj", "{A1CFF88C-F070-4D94-8719-CB99B41E81EA}"
EndProject
Global
	GlobalSection(SolutionConfigurationPlatforms) = preSolution
		Debug|Any CPU = Debug|Any CPU
		Release|Any CPU = Release|Any CPU
	EndGlobalSection
	GlobalSection(ProjectConfigurationPlatforms) = postSolution
		{AC222EE7-61EF-4964-B06C-BB09D2FE0317}.Debug|Any CPU.ActiveCfg = Debug|Any CPU
		{AC222EE7-61EF-4964-B06C-BB09D2FE0317}.Debug|Any CPU.Build.0 = Debug|Any CPU
		{AC222EE7-61EF-4964-B06C-BB09D2FE0317}.Release|Any CPU.ActiveCfg = Release|Any CPU
		{AC222EE7-61EF-4964-B06C-BB09D2FE0317}.Release|Any CPU.Build.0 = Release|Any CPU
		{87B2D1F6-283F-42B8-83E1-52846605C444}.Debug|Any CPU.ActiveCfg = Debug|Any CPU
		{87B2D1F6-283F-42B8-83E1-52846605C444}.Debug|Any CPU.Build.0 = Debug|Any CPU
		{87B2D1F6-283F-42B8-83E1-52846605C444}.Release|Any CPU.ActiveCfg = Release|Any CPU
		{87B2D1F6-283F-42B8-83E1-52846605C444}.Release|Any CPU.Build.0 = Release|Any CPU
		{16442389-4305-41E6-8AEA-B1293BC77949}.Debug|Any CPU.ActiveCfg = Debug|Any CPU
		{16442389-4305-41E6-8AEA-B1293BC77949}.Debug|Any CPU.Build.0 = Debug|Any CPU
		{16442389-4305-41E6-8AEA-B1293BC77949}.Release|Any CPU.ActiveCfg = Release|Any CPU
		{16442389-4305-41E6-8AEA-B1293BC77949}.Release|Any CPU.Build.0 = Release|Any CPU
		{A1CFF88C-F070-4D94-8719-CB99B41E81EA}.Debug|Any CPU.ActiveCfg = Debug|Any CPU
		{A1CFF88C-F070-4D94-8719-CB99B41E81EA}.Debug|Any CPU.Build.0 = Debug|Any CPU
		{A1CFF88C-F070-4D94-8719-CB99B41E81EA}.Release|Any CPU.ActiveCfg = Release|Any CPU
		{A1CFF88C-F070-4D94-8719-CB99B41E81EA}.Release|Any CPU.Build.0 = Release|Any CPU
	EndGlobalSection
	GlobalSection(SolutionProperties) = preSolution
		HideSolutionNode = FALSE
	EndGlobalSection
EndGlobal
